
Microsoft Visual Studio Solution File, Format Version 12.00
# Visual Studio Version 16
VisualStudioVersion = 16.0.29609.76
MinimumVisualStudioVersion = 15.0.26124.0
Project("{9A19103F-16F7-4668-BE54-9A1E7A4F7556}") = "Domain", "Domain\Domain.csproj", "{65CC985E-F0D4-4438-A443-04CF3FE870C0}"
EndProject
Project("{9A19103F-16F7-4668-BE54-9A1E7A4F7556}") = "Application", "Application\Application.csproj", "{90451395-55ED-493B-84FB-93CC6A6955B8}"
EndProject
Project("{9A19103F-16F7-4668-BE54-9A1E7A4F7556}") = "Infrastructure", "Infrastructure\Infrastructure.csproj", "{2BB7075E-B332-4D61-BFD3-A3EC901BB682}"
EndProject
Project("{9A19103F-16F7-4668-BE54-9A1E7A4F7556}") = "WebApi", "WebApi\WebApi.csproj", "{6724831E-D272-46A6-B021-814299706FF1}"
EndProject
Project("{2150E333-8FDC-42A3-9474-1A3956D46DE8}") = "Solution Items", "Solution Items", "{D7E02019-D799-4502-8199-E52EB19E233F}"
	ProjectSection(SolutionItems) = preProject
		commands.txt = commands.txt
	EndProjectSection
EndProject
Project("{2150E333-8FDC-42A3-9474-1A3956D46DE8}") = "tests", "tests", "{5DE9F2F5-C54C-4806-8159-2E11F968CAD5}"
EndProject
Project("{FAE04EC0-301F-11D3-BF4B-00C04F79EFBC}") = "Application.UnitTests", "Application.UnitTests\Application.UnitTests.csproj", "{FFD20ADA-E46F-4B8B-B273-E1E21F731C6C}"
EndProject
Global
	GlobalSection(SolutionConfigurationPlatforms) = preSolution
		Debug|Any CPU = Debug|Any CPU
		Debug|x64 = Debug|x64
		Debug|x86 = Debug|x86
		Release|Any CPU = Release|Any CPU
		Release|x64 = Release|x64
		Release|x86 = Release|x86
	EndGlobalSection
	GlobalSection(ProjectConfigurationPlatforms) = postSolution
		{65CC985E-F0D4-4438-A443-04CF3FE870C0}.Debug|Any CPU.ActiveCfg = Debug|Any CPU
		{65CC985E-F0D4-4438-A443-04CF3FE870C0}.Debug|Any CPU.Build.0 = Debug|Any CPU
		{65CC985E-F0D4-4438-A443-04CF3FE870C0}.Debug|x64.ActiveCfg = Debug|Any CPU
		{65CC985E-F0D4-4438-A443-04CF3FE870C0}.Debug|x64.Build.0 = Debug|Any CPU
		{65CC985E-F0D4-4438-A443-04CF3FE870C0}.Debug|x86.ActiveCfg = Debug|Any CPU
		{65CC985E-F0D4-4438-A443-04CF3FE870C0}.Debug|x86.Build.0 = Debug|Any CPU
		{65CC985E-F0D4-4438-A443-04CF3FE870C0}.Release|Any CPU.ActiveCfg = Release|Any CPU
		{65CC985E-F0D4-4438-A443-04CF3FE870C0}.Release|Any CPU.Build.0 = Release|Any CPU
		{65CC985E-F0D4-4438-A443-04CF3FE870C0}.Release|x64.ActiveCfg = Release|Any CPU
		{65CC985E-F0D4-4438-A443-04CF3FE870C0}.Release|x64.Build.0 = Release|Any CPU
		{65CC985E-F0D4-4438-A443-04CF3FE870C0}.Release|x86.ActiveCfg = Release|Any CPU
		{65CC985E-F0D4-4438-A443-04CF3FE870C0}.Release|x86.Build.0 = Release|Any CPU
		{90451395-55ED-493B-84FB-93CC6A6955B8}.Debug|Any CPU.ActiveCfg = Debug|Any CPU
		{90451395-55ED-493B-84FB-93CC6A6955B8}.Debug|Any CPU.Build.0 = Debug|Any CPU
		{90451395-55ED-493B-84FB-93CC6A6955B8}.Debug|x64.ActiveCfg = Debug|Any CPU
		{90451395-55ED-493B-84FB-93CC6A6955B8}.Debug|x64.Build.0 = Debug|Any CPU
		{90451395-55ED-493B-84FB-93CC6A6955B8}.Debug|x86.ActiveCfg = Debug|Any CPU
		{90451395-55ED-493B-84FB-93CC6A6955B8}.Debug|x86.Build.0 = Debug|Any CPU
		{90451395-55ED-493B-84FB-93CC6A6955B8}.Release|Any CPU.ActiveCfg = Release|Any CPU
		{90451395-55ED-493B-84FB-93CC6A6955B8}.Release|Any CPU.Build.0 = Release|Any CPU
		{90451395-55ED-493B-84FB-93CC6A6955B8}.Release|x64.ActiveCfg = Release|Any CPU
		{90451395-55ED-493B-84FB-93CC6A6955B8}.Release|x64.Build.0 = Release|Any CPU
		{90451395-55ED-493B-84FB-93CC6A6955B8}.Release|x86.ActiveCfg = Release|Any CPU
		{90451395-55ED-493B-84FB-93CC6A6955B8}.Release|x86.Build.0 = Release|Any CPU
		{2BB7075E-B332-4D61-BFD3-A3EC901BB682}.Debug|Any CPU.ActiveCfg = Debug|Any CPU
		{2BB7075E-B332-4D61-BFD3-A3EC901BB682}.Debug|Any CPU.Build.0 = Debug|Any CPU
		{2BB7075E-B332-4D61-BFD3-A3EC901BB682}.Debug|x64.ActiveCfg = Debug|Any CPU
		{2BB7075E-B332-4D61-BFD3-A3EC901BB682}.Debug|x64.Build.0 = Debug|Any CPU
		{2BB7075E-B332-4D61-BFD3-A3EC901BB682}.Debug|x86.ActiveCfg = Debug|Any CPU
		{2BB7075E-B332-4D61-BFD3-A3EC901BB682}.Debug|x86.Build.0 = Debug|Any CPU
		{2BB7075E-B332-4D61-BFD3-A3EC901BB682}.Release|Any CPU.ActiveCfg = Release|Any CPU
		{2BB7075E-B332-4D61-BFD3-A3EC901BB682}.Release|Any CPU.Build.0 = Release|Any CPU
		{2BB7075E-B332-4D61-BFD3-A3EC901BB682}.Release|x64.ActiveCfg = Release|Any CPU
		{2BB7075E-B332-4D61-BFD3-A3EC901BB682}.Release|x64.Build.0 = Release|Any CPU
		{2BB7075E-B332-4D61-BFD3-A3EC901BB682}.Release|x86.ActiveCfg = Release|Any CPU
		{2BB7075E-B332-4D61-BFD3-A3EC901BB682}.Release|x86.Build.0 = Release|Any CPU
		{6724831E-D272-46A6-B021-814299706FF1}.Debug|Any CPU.ActiveCfg = Debug|Any CPU
		{6724831E-D272-46A6-B021-814299706FF1}.Debug|Any CPU.Build.0 = Debug|Any CPU
		{6724831E-D272-46A6-B021-814299706FF1}.Debug|x64.ActiveCfg = Debug|Any CPU
		{6724831E-D272-46A6-B021-814299706FF1}.Debug|x64.Build.0 = Debug|Any CPU
		{6724831E-D272-46A6-B021-814299706FF1}.Debug|x86.ActiveCfg = Debug|Any CPU
		{6724831E-D272-46A6-B021-814299706FF1}.Debug|x86.Build.0 = Debug|Any CPU
		{6724831E-D272-46A6-B021-814299706FF1}.Release|Any CPU.ActiveCfg = Release|Any CPU
		{6724831E-D272-46A6-B021-814299706FF1}.Release|Any CPU.Build.0 = Release|Any CPU
		{6724831E-D272-46A6-B021-814299706FF1}.Release|x64.ActiveCfg = Release|Any CPU
		{6724831E-D272-46A6-B021-814299706FF1}.Release|x64.Build.0 = Release|Any CPU
		{6724831E-D272-46A6-B021-814299706FF1}.Release|x86.ActiveCfg = Release|Any CPU
		{6724831E-D272-46A6-B021-814299706FF1}.Release|x86.Build.0 = Release|Any CPU
		{FFD20ADA-E46F-4B8B-B273-E1E21F731C6C}.Debug|Any CPU.ActiveCfg = Debug|Any CPU
		{FFD20ADA-E46F-4B8B-B273-E1E21F731C6C}.Debug|Any CPU.Build.0 = Debug|Any CPU
		{FFD20ADA-E46F-4B8B-B273-E1E21F731C6C}.Debug|x64.ActiveCfg = Debug|Any CPU
		{FFD20ADA-E46F-4B8B-B273-E1E21F731C6C}.Debug|x64.Build.0 = Debug|Any CPU
		{FFD20ADA-E46F-4B8B-B273-E1E21F731C6C}.Debug|x86.ActiveCfg = Debug|Any CPU
		{FFD20ADA-E46F-4B8B-B273-E1E21F731C6C}.Debug|x86.Build.0 = Debug|Any CPU
		{FFD20ADA-E46F-4B8B-B273-E1E21F731C6C}.Release|Any CPU.ActiveCfg = Release|Any CPU
		{FFD20ADA-E46F-4B8B-B273-E1E21F731C6C}.Release|Any CPU.Build.0 = Release|Any CPU
		{FFD20ADA-E46F-4B8B-B273-E1E21F731C6C}.Release|x64.ActiveCfg = Release|Any CPU
		{FFD20ADA-E46F-4B8B-B273-E1E21F731C6C}.Release|x64.Build.0 = Release|Any CPU
		{FFD20ADA-E46F-4B8B-B273-E1E21F731C6C}.Release|x86.ActiveCfg = Release|Any CPU
		{FFD20ADA-E46F-4B8B-B273-E1E21F731C6C}.Release|x86.Build.0 = Release|Any CPU
	EndGlobalSection
	GlobalSection(SolutionProperties) = preSolution
		HideSolutionNode = FALSE
	EndGlobalSection
	GlobalSection(NestedProjects) = preSolution
		{FFD20ADA-E46F-4B8B-B273-E1E21F731C6C} = {5DE9F2F5-C54C-4806-8159-2E11F968CAD5}
	EndGlobalSection
	GlobalSection(ExtensibilityGlobals) = postSolution
		SolutionGuid = {052A91F6-14A7-430A-A39F-470843DCE0F3}
	EndGlobalSection
EndGlobal
